
Microsoft Visual Studio Solution File, Format Version 12.00
# Visual Studio Version 17
VisualStudioVersion = 17.5.33424.131
MinimumVisualStudioVersion = 10.0.40219.1
Project("{9A19103F-16F7-4668-BE54-9A1E7A4F7556}") = "Dogs.API", "Dogs.API\Dogs.API.csproj", "{8B0E1BDA-391D-41AE-A4D0-D75F1AE7BD8B}"
EndProject
Project("{9A19103F-16F7-4668-BE54-9A1E7A4F7556}") = "Dogs.Domain", "Dogs.Domain\Dogs.Domain.csproj", "{AEECE598-4978-45F9-B736-7312B67C8243}"
EndProject
Project("{9A19103F-16F7-4668-BE54-9A1E7A4F7556}") = "Dogs.Application", "Dogs.Application\Dogs.Application.csproj", "{232EBB2E-0A18-42A1-9A0D-5BBECB7C2F39}"
EndProject
Project("{9A19103F-16F7-4668-BE54-9A1E7A4F7556}") = "Dogs.Infrastructure", "Dogs.Infrastructure\Dogs.Infrastructure.csproj", "{9E19DF6C-6227-4C83-8A84-521566AB42FB}"
EndProject
Project("{E53339B2-1760-4266-BCC7-CA923CBCF16C}") = "docker-compose", "docker-compose.dcproj", "{684B237C-57F3-4729-8C06-B5DADA84AE22}"
EndProject
Project("{FAE04EC0-301F-11D3-BF4B-00C04F79EFBC}") = "Dogs.Application.Test", "Dogs.Application.Test\Dogs.Application.Test.csproj", "{76773585-346B-4485-B60E-1E5B1955151C}"
EndProject
Project("{FAE04EC0-301F-11D3-BF4B-00C04F79EFBC}") = "Dogs.API.Test", "Dogs.API.Test\Dogs.API.Test.csproj", "{7192BDA7-2F5C-450E-A899-EC73170BFFC8}"
EndProject
Global
	GlobalSection(SolutionConfigurationPlatforms) = preSolution
		Debug|Any CPU = Debug|Any CPU
		Release|Any CPU = Release|Any CPU
	EndGlobalSection
	GlobalSection(ProjectConfigurationPlatforms) = postSolution
		{8B0E1BDA-391D-41AE-A4D0-D75F1AE7BD8B}.Debug|Any CPU.ActiveCfg = Debug|Any CPU
		{8B0E1BDA-391D-41AE-A4D0-D75F1AE7BD8B}.Debug|Any CPU.Build.0 = Debug|Any CPU
		{8B0E1BDA-391D-41AE-A4D0-D75F1AE7BD8B}.Release|Any CPU.ActiveCfg = Release|Any CPU
		{8B0E1BDA-391D-41AE-A4D0-D75F1AE7BD8B}.Release|Any CPU.Build.0 = Release|Any CPU
		{AEECE598-4978-45F9-B736-7312B67C8243}.Debug|Any CPU.ActiveCfg = Debug|Any CPU
		{AEECE598-4978-45F9-B736-7312B67C8243}.Debug|Any CPU.Build.0 = Debug|Any CPU
		{AEECE598-4978-45F9-B736-7312B67C8243}.Release|Any CPU.ActiveCfg = Release|Any CPU
		{AEECE598-4978-45F9-B736-7312B67C8243}.Release|Any CPU.Build.0 = Release|Any CPU
		{232EBB2E-0A18-42A1-9A0D-5BBECB7C2F39}.Debug|Any CPU.ActiveCfg = Debug|Any CPU
		{232EBB2E-0A18-42A1-9A0D-5BBECB7C2F39}.Debug|Any CPU.Build.0 = Debug|Any CPU
		{232EBB2E-0A18-42A1-9A0D-5BBECB7C2F39}.Release|Any CPU.ActiveCfg = Release|Any CPU
		{232EBB2E-0A18-42A1-9A0D-5BBECB7C2F39}.Release|Any CPU.Build.0 = Release|Any CPU
		{9E19DF6C-6227-4C83-8A84-521566AB42FB}.Debug|Any CPU.ActiveCfg = Debug|Any CPU
		{9E19DF6C-6227-4C83-8A84-521566AB42FB}.Debug|Any CPU.Build.0 = Debug|Any CPU
		{9E19DF6C-6227-4C83-8A84-521566AB42FB}.Release|Any CPU.ActiveCfg = Release|Any CPU
		{9E19DF6C-6227-4C83-8A84-521566AB42FB}.Release|Any CPU.Build.0 = Release|Any CPU
		{684B237C-57F3-4729-8C06-B5DADA84AE22}.Debug|Any CPU.ActiveCfg = Debug|Any CPU
		{684B237C-57F3-4729-8C06-B5DADA84AE22}.Debug|Any CPU.Build.0 = Debug|Any CPU
		{684B237C-57F3-4729-8C06-B5DADA84AE22}.Release|Any CPU.ActiveCfg = Release|Any CPU
		{684B237C-57F3-4729-8C06-B5DADA84AE22}.Release|Any CPU.Build.0 = Release|Any CPU
		{76773585-346B-4485-B60E-1E5B1955151C}.Debug|Any CPU.ActiveCfg = Debug|Any CPU
		{76773585-346B-4485-B60E-1E5B1955151C}.Debug|Any CPU.Build.0 = Debug|Any CPU
		{76773585-346B-4485-B60E-1E5B1955151C}.Release|Any CPU.ActiveCfg = Release|Any CPU
		{76773585-346B-4485-B60E-1E5B1955151C}.Release|Any CPU.Build.0 = Release|Any CPU
		{7192BDA7-2F5C-450E-A899-EC73170BFFC8}.Debug|Any CPU.ActiveCfg = Debug|Any CPU
		{7192BDA7-2F5C-450E-A899-EC73170BFFC8}.Debug|Any CPU.Build.0 = Debug|Any CPU
		{7192BDA7-2F5C-450E-A899-EC73170BFFC8}.Release|Any CPU.ActiveCfg = Release|Any CPU
		{7192BDA7-2F5C-450E-A899-EC73170BFFC8}.Release|Any CPU.Build.0 = Release|Any CPU
	EndGlobalSection
	GlobalSection(SolutionProperties) = preSolution
		HideSolutionNode = FALSE
	EndGlobalSection
	GlobalSection(ExtensibilityGlobals) = postSolution
		SolutionGuid = {F6779555-4F2F-4A3D-B82D-6EFCE273BC64}
	EndGlobalSection
EndGlobal
